
Microsoft Visual Studio Solution File, Format Version 12.00
# Visual Studio 15
VisualStudioVersion = 15.0.28010.2046
MinimumVisualStudioVersion = 10.0.40219.1
Project("{FAE04EC0-301F-11D3-BF4B-00C04F79EFBC}") = "App5.Android", "App5\App5.Android\App5.Android.csproj", "{0B2CE994-9366-4541-A8DB-34E1CE2A62CA}"
EndProject
Project("{FAE04EC0-301F-11D3-BF4B-00C04F79EFBC}") = "App5.iOS", "App5\App5.iOS\App5.iOS.csproj", "{A6886BCC-A620-4088-81A1-3A1DDD9804F2}"
EndProject
Project("{FAE04EC0-301F-11D3-BF4B-00C04F79EFBC}") = "App5", "App5\App5\App5.csproj", "{0F47C053-C22E-4D7C-8E32-AF3754F5E488}"
EndProject
Global
	GlobalSection(SolutionConfigurationPlatforms) = preSolution
		Ad-Hoc|Any CPU = Ad-Hoc|Any CPU
		Ad-Hoc|iPhone = Ad-Hoc|iPhone
		Ad-Hoc|iPhoneSimulator = Ad-Hoc|iPhoneSimulator
		AppStore|Any CPU = AppStore|Any CPU
		AppStore|iPhone = AppStore|iPhone
		AppStore|iPhoneSimulator = AppStore|iPhoneSimulator
		Debug|Any CPU = Debug|Any CPU
		Debug|iPhone = Debug|iPhone
		Debug|iPhoneSimulator = Debug|iPhoneSimulator
		Release|Any CPU = Release|Any CPU
		Release|iPhone = Release|iPhone
		Release|iPhoneSimulator = Release|iPhoneSimulator
	EndGlobalSection
	GlobalSection(ProjectConfigurationPlatforms) = postSolution
		{0B2CE994-9366-4541-A8DB-34E1CE2A62CA}.Ad-Hoc|Any CPU.ActiveCfg = Release|Any CPU
		{0B2CE994-9366-4541-A8DB-34E1CE2A62CA}.Ad-Hoc|Any CPU.Build.0 = Release|Any CPU
		{0B2CE994-9366-4541-A8DB-34E1CE2A62CA}.Ad-Hoc|Any CPU.Deploy.0 = Release|Any CPU
		{0B2CE994-9366-4541-A8DB-34E1CE2A62CA}.Ad-Hoc|iPhone.ActiveCfg = Release|Any CPU
		{0B2CE994-9366-4541-A8DB-34E1CE2A62CA}.Ad-Hoc|iPhone.Build.0 = Release|Any CPU
		{0B2CE994-9366-4541-A8DB-34E1CE2A62CA}.Ad-Hoc|iPhone.Deploy.0 = Release|Any CPU
		{0B2CE994-9366-4541-A8DB-34E1CE2A62CA}.Ad-Hoc|iPhoneSimulator.ActiveCfg = Release|Any CPU
		{0B2CE994-9366-4541-A8DB-34E1CE2A62CA}.Ad-Hoc|iPhoneSimulator.Build.0 = Release|Any CPU
		{0B2CE994-9366-4541-A8DB-34E1CE2A62CA}.Ad-Hoc|iPhoneSimulator.Deploy.0 = Release|Any CPU
		{0B2CE994-9366-4541-A8DB-34E1CE2A62CA}.AppStore|Any CPU.ActiveCfg = Release|Any CPU
		{0B2CE994-9366-4541-A8DB-34E1CE2A62CA}.AppStore|Any CPU.Build.0 = Release|Any CPU
		{0B2CE994-9366-4541-A8DB-34E1CE2A62CA}.AppStore|Any CPU.Deploy.0 = Release|Any CPU
		{0B2CE994-9366-4541-A8DB-34E1CE2A62CA}.AppStore|iPhone.ActiveCfg = Release|Any CPU
		{0B2CE994-9366-4541-A8DB-34E1CE2A62CA}.AppStore|iPhone.Build.0 = Release|Any CPU
		{0B2CE994-9366-4541-A8DB-34E1CE2A62CA}.AppStore|iPhone.Deploy.0 = Release|Any CPU
		{0B2CE994-9366-4541-A8DB-34E1CE2A62CA}.AppStore|iPhoneSimulator.ActiveCfg = Release|Any CPU
		{0B2CE994-9366-4541-A8DB-34E1CE2A62CA}.AppStore|iPhoneSimulator.Build.0 = Release|Any CPU
		{0B2CE994-9366-4541-A8DB-34E1CE2A62CA}.AppStore|iPhoneSimulator.Deploy.0 = Release|Any CPU
		{0B2CE994-9366-4541-A8DB-34E1CE2A62CA}.Debug|Any CPU.ActiveCfg = Debug|Any CPU
		{0B2CE994-9366-4541-A8DB-34E1CE2A62CA}.Debug|Any CPU.Build.0 = Debug|Any CPU
		{0B2CE994-9366-4541-A8DB-34E1CE2A62CA}.Debug|Any CPU.Deploy.0 = Debug|Any CPU
		{0B2CE994-9366-4541-A8DB-34E1CE2A62CA}.Debug|iPhone.ActiveCfg = Debug|Any CPU
		{0B2CE994-9366-4541-A8DB-34E1CE2A62CA}.Debug|iPhone.Build.0 = Debug|Any CPU
		{0B2CE994-9366-4541-A8DB-34E1CE2A62CA}.Debug|iPhone.Deploy.0 = Debug|Any CPU
		{0B2CE994-9366-4541-A8DB-34E1CE2A62CA}.Debug|iPhoneSimulator.ActiveCfg = Debug|Any CPU
		{0B2CE994-9366-4541-A8DB-34E1CE2A62CA}.Debug|iPhoneSimulator.Build.0 = Debug|Any CPU
		{0B2CE994-9366-4541-A8DB-34E1CE2A62CA}.Debug|iPhoneSimulator.Deploy.0 = Debug|Any CPU
		{0B2CE994-9366-4541-A8DB-34E1CE2A62CA}.Release|Any CPU.ActiveCfg = Release|Any CPU
		{0B2CE994-9366-4541-A8DB-34E1CE2A62CA}.Release|Any CPU.Build.0 = Release|Any CPU
		{0B2CE994-9366-4541-A8DB-34E1CE2A62CA}.Release|Any CPU.Deploy.0 = Release|Any CPU
		{0B2CE994-9366-4541-A8DB-34E1CE2A62CA}.Release|iPhone.ActiveCfg = Release|Any CPU
		{0B2CE994-9366-4541-A8DB-34E1CE2A62CA}.Release|iPhone.Build.0 = Release|Any CPU
		{0B2CE994-9366-4541-A8DB-34E1CE2A62CA}.Release|iPhone.Deploy.0 = Release|Any CPU
		{0B2CE994-9366-4541-A8DB-34E1CE2A62CA}.Release|iPhoneSimulator.ActiveCfg = Release|Any CPU
		{0B2CE994-9366-4541-A8DB-34E1CE2A62CA}.Release|iPhoneSimulator.Build.0 = Release|Any CPU
		{0B2CE994-9366-4541-A8DB-34E1CE2A62CA}.Release|iPhoneSimulator.Deploy.0 = Release|Any CPU
		{A6886BCC-A620-4088-81A1-3A1DDD9804F2}.Ad-Hoc|Any CPU.ActiveCfg = Ad-Hoc|iPhone
		{A6886BCC-A620-4088-81A1-3A1DDD9804F2}.Ad-Hoc|Any CPU.Build.0 = Ad-Hoc|iPhone
		{A6886BCC-A620-4088-81A1-3A1DDD9804F2}.Ad-Hoc|Any CPU.Deploy.0 = Ad-Hoc|iPhone
		{A6886BCC-A620-4088-81A1-3A1DDD9804F2}.Ad-Hoc|iPhone.ActiveCfg = Ad-Hoc|iPhone
		{A6886BCC-A620-4088-81A1-3A1DDD9804F2}.Ad-Hoc|iPhone.Build.0 = Ad-Hoc|iPhone
		{A6886BCC-A620-4088-81A1-3A1DDD9804F2}.Ad-Hoc|iPhone.Deploy.0 = Ad-Hoc|iPhone
		{A6886BCC-A620-4088-81A1-3A1DDD9804F2}.Ad-Hoc|iPhoneSimulator.ActiveCfg = Ad-Hoc|iPhoneSimulator
		{A6886BCC-A620-4088-81A1-3A1DDD9804F2}.Ad-Hoc|iPhoneSimulator.Build.0 = Ad-Hoc|iPhoneSimulator
		{A6886BCC-A620-4088-81A1-3A1DDD9804F2}.Ad-Hoc|iPhoneSimulator.Deploy.0 = Ad-Hoc|iPhoneSimulator
		{A6886BCC-A620-4088-81A1-3A1DDD9804F2}.AppStore|Any CPU.ActiveCfg = AppStore|iPhone
		{A6886BCC-A620-4088-81A1-3A1DDD9804F2}.AppStore|Any CPU.Build.0 = AppStore|iPhone
		{A6886BCC-A620-4088-81A1-3A1DDD9804F2}.AppStore|Any CPU.Deploy.0 = AppStore|iPhone
		{A6886BCC-A620-4088-81A1-3A1DDD9804F2}.AppStore|iPhone.ActiveCfg = AppStore|iPhone
		{A6886BCC-A620-4088-81A1-3A1DDD9804F2}.AppStore|iPhone.Build.0 = AppStore|iPhone
		{A6886BCC-A620-4088-81A1-3A1DDD9804F2}.AppStore|iPhone.Deploy.0 = AppStore|iPhone
		{A6886BCC-A620-4088-81A1-3A1DDD9804F2}.AppStore|iPhoneSimulator.ActiveCfg = AppStore|iPhoneSimulator
		{A6886BCC-A620-4088-81A1-3A1DDD9804F2}.AppStore|iPhoneSimulator.Build.0 = AppStore|iPhoneSimulator
		{A6886BCC-A620-4088-81A1-3A1DDD9804F2}.AppStore|iPhoneSimulator.Deploy.0 = AppStore|iPhoneSimulator
		{A6886BCC-A620-4088-81A1-3A1DDD9804F2}.Debug|Any CPU.ActiveCfg = Debug|iPhoneSimulator
		{A6886BCC-A620-4088-81A1-3A1DDD9804F2}.Debug|Any CPU.Build.0 = Debug|iPhoneSimulator
		{A6886BCC-A620-4088-81A1-3A1DDD9804F2}.Debug|Any CPU.Deploy.0 = Debug|iPhoneSimulator
		{A6886BCC-A620-4088-81A1-3A1DDD9804F2}.Debug|iPhone.ActiveCfg = Debug|iPhone
		{A6886BCC-A620-4088-81A1-3A1DDD9804F2}.Debug|iPhone.Build.0 = Debug|iPhone
		{A6886BCC-A620-4088-81A1-3A1DDD9804F2}.Debug|iPhone.Deploy.0 = Debug|iPhone
		{A6886BCC-A620-4088-81A1-3A1DDD9804F2}.Debug|iPhoneSimulator.ActiveCfg = Debug|iPhoneSimulator
		{A6886BCC-A620-4088-81A1-3A1DDD9804F2}.Debug|iPhoneSimulator.Build.0 = Debug|iPhoneSimulator
		{A6886BCC-A620-4088-81A1-3A1DDD9804F2}.Debug|iPhoneSimulator.Deploy.0 = Debug|iPhoneSimulator
		{A6886BCC-A620-4088-81A1-3A1DDD9804F2}.Release|Any CPU.ActiveCfg = Release|iPhone
		{A6886BCC-A620-4088-81A1-3A1DDD9804F2}.Release|Any CPU.Build.0 = Release|iPhone
		{A6886BCC-A620-4088-81A1-3A1DDD9804F2}.Release|Any CPU.Deploy.0 = Release|iPhone
		{A6886BCC-A620-4088-81A1-3A1DDD9804F2}.Release|iPhone.ActiveCfg = Release|iPhone
		{A6886BCC-A620-4088-81A1-3A1DDD9804F2}.Release|iPhone.Build.0 = Release|iPhone
		{A6886BCC-A620-4088-81A1-3A1DDD9804F2}.Release|iPhone.Deploy.0 = Release|iPhone
		{A6886BCC-A620-4088-81A1-3A1DDD9804F2}.Release|iPhoneSimulator.ActiveCfg = Release|iPhoneSimulator
		{A6886BCC-A620-4088-81A1-3A1DDD9804F2}.Release|iPhoneSimulator.Build.0 = Release|iPhoneSimulator
		{A6886BCC-A620-4088-81A1-3A1DDD9804F2}.Release|iPhoneSimulator.Deploy.0 = Release|iPhoneSimulator
		{0F47C053-C22E-4D7C-8E32-AF3754F5E488}.Ad-Hoc|Any CPU.ActiveCfg = Debug|Any CPU
		{0F47C053-C22E-4D7C-8E32-AF3754F5E488}.Ad-Hoc|Any CPU.Build.0 = Debug|Any CPU
		{0F47C053-C22E-4D7C-8E32-AF3754F5E488}.Ad-Hoc|Any CPU.Deploy.0 = Debug|Any CPU
		{0F47C053-C22E-4D7C-8E32-AF3754F5E488}.Ad-Hoc|iPhone.ActiveCfg = Debug|Any CPU
		{0F47C053-C22E-4D7C-8E32-AF3754F5E488}.Ad-Hoc|iPhone.Build.0 = Debug|Any CPU
		{0F47C053-C22E-4D7C-8E32-AF3754F5E488}.Ad-Hoc|iPhone.Deploy.0 = Debug|Any CPU
		{0F47C053-C22E-4D7C-8E32-AF3754F5E488}.Ad-Hoc|iPhoneSimulator.ActiveCfg = Debug|Any CPU
		{0F47C053-C22E-4D7C-8E32-AF3754F5E488}.Ad-Hoc|iPhoneSimulator.Build.0 = Debug|Any CPU
		{0F47C053-C22E-4D7C-8E32-AF3754F5E488}.Ad-Hoc|iPhoneSimulator.Deploy.0 = Debug|Any CPU
		{0F47C053-C22E-4D7C-8E32-AF3754F5E488}.AppStore|Any CPU.ActiveCfg = Debug|Any CPU
		{0F47C053-C22E-4D7C-8E32-AF3754F5E488}.AppStore|Any CPU.Build.0 = Debug|Any CPU
		{0F47C053-C22E-4D7C-8E32-AF3754F5E488}.AppStore|Any CPU.Deploy.0 = Debug|Any CPU
		{0F47C053-C22E-4D7C-8E32-AF3754F5E488}.AppStore|iPhone.ActiveCfg = Debug|Any CPU
		{0F47C053-C22E-4D7C-8E32-AF3754F5E488}.AppStore|iPhone.Build.0 = Debug|Any CPU
		{0F47C053-C22E-4D7C-8E32-AF3754F5E488}.AppStore|iPhone.Deploy.0 = Debug|Any CPU
		{0F47C053-C22E-4D7C-8E32-AF3754F5E488}.AppStore|iPhoneSimulator.ActiveCfg = Debug|Any CPU
		{0F47C053-C22E-4D7C-8E32-AF3754F5E488}.AppStore|iPhoneSimulator.Build.0 = Debug|Any CPU
		{0F47C053-C22E-4D7C-8E32-AF3754F5E488}.AppStore|iPhoneSimulator.Deploy.0 = Debug|Any CPU
		{0F47C053-C22E-4D7C-8E32-AF3754F5E488}.Debug|Any CPU.ActiveCfg = Debug|Any CPU
		{0F47C053-C22E-4D7C-8E32-AF3754F5E488}.Debug|Any CPU.Build.0 = Debug|Any CPU
		{0F47C053-C22E-4D7C-8E32-AF3754F5E488}.Debug|Any CPU.Deploy.0 = Debug|Any CPU
		{0F47C053-C22E-4D7C-8E32-AF3754F5E488}.Debug|iPhone.ActiveCfg = Debug|Any CPU
		{0F47C053-C22E-4D7C-8E32-AF3754F5E488}.Debug|iPhone.Build.0 = Debug|Any CPU
		{0F47C053-C22E-4D7C-8E32-AF3754F5E488}.Debug|iPhone.Deploy.0 = Debug|Any CPU
		{0F47C053-C22E-4D7C-8E32-AF3754F5E488}.Debug|iPhoneSimulator.ActiveCfg = Debug|Any CPU
		{0F47C053-C22E-4D7C-8E32-AF3754F5E488}.Debug|iPhoneSimulator.Build.0 = Debug|Any CPU
		{0F47C053-C22E-4D7C-8E32-AF3754F5E488}.Debug|iPhoneSimulator.Deploy.0 = Debug|Any CPU
		{0F47C053-C22E-4D7C-8E32-AF3754F5E488}.Release|Any CPU.ActiveCfg = Release|Any CPU
		{0F47C053-C22E-4D7C-8E32-AF3754F5E488}.Release|Any CPU.Build.0 = Release|Any CPU
		{0F47C053-C22E-4D7C-8E32-AF3754F5E488}.Release|Any CPU.Deploy.0 = Release|Any CPU
		{0F47C053-C22E-4D7C-8E32-AF3754F5E488}.Release|iPhone.ActiveCfg = Release|Any CPU
		{0F47C053-C22E-4D7C-8E32-AF3754F5E488}.Release|iPhone.Build.0 = Release|Any CPU
		{0F47C053-C22E-4D7C-8E32-AF3754F5E488}.Release|iPhone.Deploy.0 = Release|Any CPU
		{0F47C053-C22E-4D7C-8E32-AF3754F5E488}.Release|iPhoneSimulator.ActiveCfg = Release|Any CPU
		{0F47C053-C22E-4D7C-8E32-AF3754F5E488}.Release|iPhoneSimulator.Build.0 = Release|Any CPU
		{0F47C053-C22E-4D7C-8E32-AF3754F5E488}.Release|iPhoneSimulator.Deploy.0 = Release|Any CPU
	EndGlobalSection
	GlobalSection(SolutionProperties) = preSolution
		HideSolutionNode = FALSE
	EndGlobalSection
	GlobalSection(ExtensibilityGlobals) = postSolution
		SolutionGuid = {451D9E29-9DCF-4390-A996-75C1F8139CD8}
	EndGlobalSection
EndGlobal
